
Microsoft Visual Studio Solution File, Format Version 12.00
# Visual Studio Version 17
VisualStudioVersion = 17.0.32126.317
MinimumVisualStudioVersion = 10.0.40219.1
Project("{FAE04EC0-301F-11D3-BF4B-00C04F79EFBC}") = "FactoryMethod", "FactoryMethod\FactoryMethod.csproj", "{E36A98F4-E97F-4990-86A8-E4872776ACCA}"
EndProject
Global
	GlobalSection(SolutionConfigurationPlatforms) = preSolution
		Debug|Any CPU = Debug|Any CPU
		Release|Any CPU = Release|Any CPU
	EndGlobalSection
	GlobalSection(ProjectConfigurationPlatforms) = postSolution
		{E36A98F4-E97F-4990-86A8-E4872776ACCA}.Debug|Any CPU.ActiveCfg = Debug|Any CPU
		{E36A98F4-E97F-4990-86A8-E4872776ACCA}.Debug|Any CPU.Build.0 = Debug|Any CPU
		{E36A98F4-E97F-4990-86A8-E4872776ACCA}.Release|Any CPU.ActiveCfg = Release|Any CPU
		{E36A98F4-E97F-4990-86A8-E4872776ACCA}.Release|Any CPU.Build.0 = Release|Any CPU
	EndGlobalSection
	GlobalSection(SolutionProperties) = preSolution
		HideSolutionNode = FALSE
	EndGlobalSection
	GlobalSection(ExtensibilityGlobals) = postSolution
		SolutionGuid = {5CCFA4C1-783C-4B07-A981-4E8BA8AD60EC}
	EndGlobalSection
EndGlobal
